
Microsoft Visual Studio Solution File, Format Version 12.00
# Visual Studio 15
VisualStudioVersion = 15.0.28307.1500
MinimumVisualStudioVersion = 10.0.40219.1
Project("{FAE04EC0-301F-11D3-BF4B-00C04F79EFBC}") = "StackOverflowProject", "StackOverflowProject\StackOverflowProject.csproj", "{F97E5B74-E7BF-48A4-9F0D-36ABA2B9B09B}"
EndProject
Project("{FAE04EC0-301F-11D3-BF4B-00C04F79EFBC}") = "StackOverflowProject.DomainModels", "StackOverflowProject.DomainModels\StackOverflowProject.DomainModels.csproj", "{1A7031CA-9D16-48A9-8B75-1056B9213A68}"
EndProject
Project("{FAE04EC0-301F-11D3-BF4B-00C04F79EFBC}") = "StackOverflowProject.ViewModels", "StackOverflowProject.ViewModels\StackOverflowProject.ViewModels.csproj", "{2A8047A8-6B6C-4675-A084-30F8735CFD80}"
EndProject
Project("{FAE04EC0-301F-11D3-BF4B-00C04F79EFBC}") = "StackOverflowProject.Repositories", "StackOverflowProject.Repositories\StackOverflowProject.Repositories.csproj", "{A67F180A-65DD-47D9-8E59-B4E55292D4D7}"
EndProject
Project("{FAE04EC0-301F-11D3-BF4B-00C04F79EFBC}") = "StackOverflowProject.ServiceLayer", "StackOverflowProject.ServiceLayer\StackOverflowProject.ServiceLayer.csproj", "{26A266D7-D924-42FB-B779-0D347690C9FC}"
EndProject
Global
	GlobalSection(SolutionConfigurationPlatforms) = preSolution
		Debug|Any CPU = Debug|Any CPU
		Release|Any CPU = Release|Any CPU
	EndGlobalSection
	GlobalSection(ProjectConfigurationPlatforms) = postSolution
		{F97E5B74-E7BF-48A4-9F0D-36ABA2B9B09B}.Debug|Any CPU.ActiveCfg = Debug|Any CPU
		{F97E5B74-E7BF-48A4-9F0D-36ABA2B9B09B}.Debug|Any CPU.Build.0 = Debug|Any CPU
		{F97E5B74-E7BF-48A4-9F0D-36ABA2B9B09B}.Release|Any CPU.ActiveCfg = Release|Any CPU
		{F97E5B74-E7BF-48A4-9F0D-36ABA2B9B09B}.Release|Any CPU.Build.0 = Release|Any CPU
		{1A7031CA-9D16-48A9-8B75-1056B9213A68}.Debug|Any CPU.ActiveCfg = Debug|Any CPU
		{1A7031CA-9D16-48A9-8B75-1056B9213A68}.Debug|Any CPU.Build.0 = Debug|Any CPU
		{1A7031CA-9D16-48A9-8B75-1056B9213A68}.Release|Any CPU.ActiveCfg = Release|Any CPU
		{1A7031CA-9D16-48A9-8B75-1056B9213A68}.Release|Any CPU.Build.0 = Release|Any CPU
		{2A8047A8-6B6C-4675-A084-30F8735CFD80}.Debug|Any CPU.ActiveCfg = Debug|Any CPU
		{2A8047A8-6B6C-4675-A084-30F8735CFD80}.Debug|Any CPU.Build.0 = Debug|Any CPU
		{2A8047A8-6B6C-4675-A084-30F8735CFD80}.Release|Any CPU.ActiveCfg = Release|Any CPU
		{2A8047A8-6B6C-4675-A084-30F8735CFD80}.Release|Any CPU.Build.0 = Release|Any CPU
		{A67F180A-65DD-47D9-8E59-B4E55292D4D7}.Debug|Any CPU.ActiveCfg = Debug|Any CPU
		{A67F180A-65DD-47D9-8E59-B4E55292D4D7}.Debug|Any CPU.Build.0 = Debug|Any CPU
		{A67F180A-65DD-47D9-8E59-B4E55292D4D7}.Release|Any CPU.ActiveCfg = Release|Any CPU
		{A67F180A-65DD-47D9-8E59-B4E55292D4D7}.Release|Any CPU.Build.0 = Release|Any CPU
		{26A266D7-D924-42FB-B779-0D347690C9FC}.Debug|Any CPU.ActiveCfg = Debug|Any CPU
		{26A266D7-D924-42FB-B779-0D347690C9FC}.Debug|Any CPU.Build.0 = Debug|Any CPU
		{26A266D7-D924-42FB-B779-0D347690C9FC}.Release|Any CPU.ActiveCfg = Release|Any CPU
		{26A266D7-D924-42FB-B779-0D347690C9FC}.Release|Any CPU.Build.0 = Release|Any CPU
	EndGlobalSection
	GlobalSection(SolutionProperties) = preSolution
		HideSolutionNode = FALSE
	EndGlobalSection
	GlobalSection(ExtensibilityGlobals) = postSolution
		SolutionGuid = {7B105118-4E35-486F-8BE5-544210CDF777}
	EndGlobalSection
EndGlobal
